
Microsoft Visual Studio Solution File, Format Version 12.00
# Visual Studio Version 17
VisualStudioVersion = 17.3.32922.545
MinimumVisualStudioVersion = 10.0.40219.1
Project("{FAE04EC0-301F-11D3-BF4B-00C04F79EFBC}") = "RabbitMqPoc", "RabbitMqPoc.csproj", "{1E4FE77C-CB4E-469C-B59E-5EFD9041B924}"
EndProject
Global
	GlobalSection(SolutionConfigurationPlatforms) = preSolution
		Debug|Any CPU = Debug|Any CPU
		Release|Any CPU = Release|Any CPU
	EndGlobalSection
	GlobalSection(ProjectConfigurationPlatforms) = postSolution
		{1E4FE77C-CB4E-469C-B59E-5EFD9041B924}.Debug|Any CPU.ActiveCfg = Debug|Any CPU
		{1E4FE77C-CB4E-469C-B59E-5EFD9041B924}.Debug|Any CPU.Build.0 = Debug|Any CPU
		{1E4FE77C-CB4E-469C-B59E-5EFD9041B924}.Release|Any CPU.ActiveCfg = Release|Any CPU
		{1E4FE77C-CB4E-469C-B59E-5EFD9041B924}.Release|Any CPU.Build.0 = Release|Any CPU
	EndGlobalSection
	GlobalSection(SolutionProperties) = preSolution
		HideSolutionNode = FALSE
	EndGlobalSection
	GlobalSection(ExtensibilityGlobals) = postSolution
		SolutionGuid = {BC4E0D22-4002-4904-95BC-8639EF4F665D}
	EndGlobalSection
EndGlobal
